
Microsoft Visual Studio Solution File, Format Version 12.00
# Visual Studio 14
VisualStudioVersion = 14.0.25420.1
MinimumVisualStudioVersion = 10.0.40219.1
Project("{2150E333-8FDC-42A3-9474-1A3956D46DE8}") = "src", "src", "{03418E83-01DC-4456-83A5-29E250C6134F}"
EndProject
Project("{2150E333-8FDC-42A3-9474-1A3956D46DE8}") = "Solution Items", "Solution Items", "{B401CA9D-3D16-4B8F-9B22-33658B8F51A8}"
	ProjectSection(SolutionItems) = preProject
		global.json = global.json
	EndProjectSection
EndProject
Project("{2150E333-8FDC-42A3-9474-1A3956D46DE8}") = "test", "test", "{9DD46016-6D52-49A7-9AA8-5517A85C1213}"
EndProject
Project("{8BB2217D-0F2D-49D1-97BC-3654ED321F3B}") = "Reversio.Domain", "src\Reversio.Domain\Reversio.Domain.xproj", "{B5DA2B6F-8E2E-4EE3-AB5F-50AC57142D13}"
EndProject
Project("{8BB2217D-0F2D-49D1-97BC-3654ED321F3B}") = "Reversio.Domain.UnitTest", "test\Reversio.Domain.UnitTest\Reversio.Domain.UnitTest.xproj", "{98DE6BEF-A267-433B-8427-EF6B82BE6A37}"
EndProject
Project("{8BB2217D-0F2D-49D1-97BC-3654ED321F3B}") = "Reversio.Server", "src\Reversio.Server\Reversio.Server.xproj", "{82A1B05F-14AB-43F7-81B1-17384A27EBC1}"
EndProject
Project("{8BB2217D-0F2D-49D1-97BC-3654ED321F3B}") = "Reversio.UI", "src\Reversio.UI\Reversio.UI.xproj", "{5D9E1275-C154-4594-88D9-233F73EE9565}"
EndProject
Global
	GlobalSection(SolutionConfigurationPlatforms) = preSolution
		Debug|Any CPU = Debug|Any CPU
		Release|Any CPU = Release|Any CPU
	EndGlobalSection
	GlobalSection(ProjectConfigurationPlatforms) = postSolution
		{B5DA2B6F-8E2E-4EE3-AB5F-50AC57142D13}.Debug|Any CPU.ActiveCfg = Debug|Any CPU
		{B5DA2B6F-8E2E-4EE3-AB5F-50AC57142D13}.Debug|Any CPU.Build.0 = Debug|Any CPU
		{B5DA2B6F-8E2E-4EE3-AB5F-50AC57142D13}.Release|Any CPU.ActiveCfg = Release|Any CPU
		{B5DA2B6F-8E2E-4EE3-AB5F-50AC57142D13}.Release|Any CPU.Build.0 = Release|Any CPU
		{98DE6BEF-A267-433B-8427-EF6B82BE6A37}.Debug|Any CPU.ActiveCfg = Debug|Any CPU
		{98DE6BEF-A267-433B-8427-EF6B82BE6A37}.Debug|Any CPU.Build.0 = Debug|Any CPU
		{98DE6BEF-A267-433B-8427-EF6B82BE6A37}.Release|Any CPU.ActiveCfg = Release|Any CPU
		{98DE6BEF-A267-433B-8427-EF6B82BE6A37}.Release|Any CPU.Build.0 = Release|Any CPU
		{82A1B05F-14AB-43F7-81B1-17384A27EBC1}.Debug|Any CPU.ActiveCfg = Debug|Any CPU
		{82A1B05F-14AB-43F7-81B1-17384A27EBC1}.Debug|Any CPU.Build.0 = Debug|Any CPU
		{82A1B05F-14AB-43F7-81B1-17384A27EBC1}.Release|Any CPU.ActiveCfg = Release|Any CPU
		{82A1B05F-14AB-43F7-81B1-17384A27EBC1}.Release|Any CPU.Build.0 = Release|Any CPU
		{5D9E1275-C154-4594-88D9-233F73EE9565}.Debug|Any CPU.ActiveCfg = Debug|Any CPU
		{5D9E1275-C154-4594-88D9-233F73EE9565}.Debug|Any CPU.Build.0 = Debug|Any CPU
		{5D9E1275-C154-4594-88D9-233F73EE9565}.Release|Any CPU.ActiveCfg = Release|Any CPU
		{5D9E1275-C154-4594-88D9-233F73EE9565}.Release|Any CPU.Build.0 = Release|Any CPU
	EndGlobalSection
	GlobalSection(SolutionProperties) = preSolution
		HideSolutionNode = FALSE
	EndGlobalSection
	GlobalSection(NestedProjects) = preSolution
		{B5DA2B6F-8E2E-4EE3-AB5F-50AC57142D13} = {03418E83-01DC-4456-83A5-29E250C6134F}
		{98DE6BEF-A267-433B-8427-EF6B82BE6A37} = {9DD46016-6D52-49A7-9AA8-5517A85C1213}
		{82A1B05F-14AB-43F7-81B1-17384A27EBC1} = {03418E83-01DC-4456-83A5-29E250C6134F}
		{5D9E1275-C154-4594-88D9-233F73EE9565} = {03418E83-01DC-4456-83A5-29E250C6134F}
	EndGlobalSection
EndGlobal
